
Microsoft Visual Studio Solution File, Format Version 12.00
# Visual Studio Version 16
VisualStudioVersion = 16.0.31424.327
MinimumVisualStudioVersion = 10.0.40219.1
Project("{FAE04EC0-301F-11D3-BF4B-00C04F79EFBC}") = "csharp-http-simplified", "csharp-http-simplified\csharp-http-simplified.csproj", "{06C35BC5-DDDC-47B6-A69D-C4E244DD4020}"
EndProject
Global
	GlobalSection(SolutionConfigurationPlatforms) = preSolution
		Debug|Any CPU = Debug|Any CPU
		Release|Any CPU = Release|Any CPU
	EndGlobalSection
	GlobalSection(ProjectConfigurationPlatforms) = postSolution
		{06C35BC5-DDDC-47B6-A69D-C4E244DD4020}.Debug|Any CPU.ActiveCfg = Debug|Any CPU
		{06C35BC5-DDDC-47B6-A69D-C4E244DD4020}.Debug|Any CPU.Build.0 = Debug|Any CPU
		{06C35BC5-DDDC-47B6-A69D-C4E244DD4020}.Release|Any CPU.ActiveCfg = Release|Any CPU
		{06C35BC5-DDDC-47B6-A69D-C4E244DD4020}.Release|Any CPU.Build.0 = Release|Any CPU
	EndGlobalSection
	GlobalSection(SolutionProperties) = preSolution
		HideSolutionNode = FALSE
	EndGlobalSection
	GlobalSection(ExtensibilityGlobals) = postSolution
		SolutionGuid = {12C7DB20-7757-4564-BF82-2CCD851BE2D5}
	EndGlobalSection
EndGlobal
